{
  "name": "vendors",
  "lockfileVersion": 3,
  "requires": true,
  "packages": {
    "": {
      "dependencies": {
        "abeeway-asset-tracker": "^3.7.3",
        "abeeway-asset-tracker-driver": "^3.7.2"
      }
    },
    "abeeway/drivers/asset-tracker": {
      "version": "3.7.2",
      "extraneous": true,
      "license": "ISC",
      "devDependencies": {
        "express": "^4.17.1",
        "jest": "^26.6.3",
        "npm-run-all": "^4.1.5",
        "webpack": "^5.34.0",
        "webpack-cli": "^4.6.0"
      }
    },
    "nexelec/drivers/insafe_origin": {
      "name": "nexelec-insafe-origin",
      "version": "1.0.0",
      "extraneous": true,
      "devDependencies": {
        "jest": "^25.5.4"
      }
    },
    "node_modules/abeeway-asset-tracker": {
      "version": "3.7.3",
      "resolved": "https://registry.npmjs.org/abeeway-asset-tracker/-/abeeway-asset-tracker-3.7.3.tgz",
      "integrity": "sha512-N1JeQGTYBecSqPLrlcZaZEi71fbCyyd1lOAmGmZ1YtwDhbDw59AoSGeAduUll7zSa/+jb2WWlmhTVWiSV4n/WQ=="
    },
    "node_modules/abeeway-asset-tracker-driver": {
      "version": "3.7.2",
      "resolved": "https://registry.npmjs.org/abeeway-asset-tracker-driver/-/abeeway-asset-tracker-driver-3.7.2.tgz",
      "integrity": "sha512-8KAQ3j3J9TQgHLHtoXCr9+E3d/L/OjdobAgcp7DxvH1sd7Rb95s/nEAxMavuTX5DfjPkXsPpL6p1/wNbTdz//A=="
    }
  }
}
