{
  "name": "vendors",
  "lockfileVersion": 3,
  "requires": true,
  "packages": {
    "abeeway/drivers/asset-tracker": {
      "version": "3.7.2",
      "extraneous": true,
      "license": "ISC",
      "devDependencies": {
        "express": "^4.17.1",
        "jest": "^26.6.3",
        "npm-run-all": "^4.1.5",
        "webpack": "^5.34.0",
        "webpack-cli": "^4.6.0"
      }
    },
    "nexelec/drivers/insafe_origin": {
      "name": "nexelec-insafe-origin",
      "version": "1.0.0",
      "extraneous": true,
      "devDependencies": {
        "jest": "^25.5.4"
      }
    }
  }
}
